
Microsoft Visual Studio Solution File, Format Version 12.00
# Visual Studio 15
VisualStudioVersion = 15.0.27130.2010
MinimumVisualStudioVersion = 10.0.40219.1
Project("{FAE04EC0-301F-11D3-BF4B-00C04F79EFBC}") = "Task_1", "Task_1\Task_1.csproj", "{93EB05C1-90E5-49BB-9C60-8B0783CBCCB5}"
EndProject
Project("{FAE04EC0-301F-11D3-BF4B-00C04F79EFBC}") = "Task_2", "Task_2\Task_2.csproj", "{8A409D0E-5652-484D-9D40-262A4A938652}"
EndProject
Project("{FAE04EC0-301F-11D3-BF4B-00C04F79EFBC}") = "Task_2.Tests", "Task_2.Tests\Task_2.Tests.csproj", "{ECBCF038-8210-4D8E-AD69-7E9BE564F5DB}"
EndProject
Project("{FAE04EC0-301F-11D3-BF4B-00C04F79EFBC}") = "Task_3", "Task_3\Task_3.csproj", "{E7897D8B-2B12-46A5-B0AA-EF4E34E5C29B}"
EndProject
Global
	GlobalSection(SolutionConfigurationPlatforms) = preSolution
		Debug|Any CPU = Debug|Any CPU
		Release|Any CPU = Release|Any CPU
	EndGlobalSection
	GlobalSection(ProjectConfigurationPlatforms) = postSolution
		{93EB05C1-90E5-49BB-9C60-8B0783CBCCB5}.Debug|Any CPU.ActiveCfg = Debug|Any CPU
		{93EB05C1-90E5-49BB-9C60-8B0783CBCCB5}.Debug|Any CPU.Build.0 = Debug|Any CPU
		{93EB05C1-90E5-49BB-9C60-8B0783CBCCB5}.Release|Any CPU.ActiveCfg = Release|Any CPU
		{93EB05C1-90E5-49BB-9C60-8B0783CBCCB5}.Release|Any CPU.Build.0 = Release|Any CPU
		{8A409D0E-5652-484D-9D40-262A4A938652}.Debug|Any CPU.ActiveCfg = Debug|Any CPU
		{8A409D0E-5652-484D-9D40-262A4A938652}.Debug|Any CPU.Build.0 = Debug|Any CPU
		{8A409D0E-5652-484D-9D40-262A4A938652}.Release|Any CPU.ActiveCfg = Release|Any CPU
		{8A409D0E-5652-484D-9D40-262A4A938652}.Release|Any CPU.Build.0 = Release|Any CPU
		{ECBCF038-8210-4D8E-AD69-7E9BE564F5DB}.Debug|Any CPU.ActiveCfg = Debug|Any CPU
		{ECBCF038-8210-4D8E-AD69-7E9BE564F5DB}.Debug|Any CPU.Build.0 = Debug|Any CPU
		{ECBCF038-8210-4D8E-AD69-7E9BE564F5DB}.Release|Any CPU.ActiveCfg = Release|Any CPU
		{ECBCF038-8210-4D8E-AD69-7E9BE564F5DB}.Release|Any CPU.Build.0 = Release|Any CPU
		{E7897D8B-2B12-46A5-B0AA-EF4E34E5C29B}.Debug|Any CPU.ActiveCfg = Debug|Any CPU
		{E7897D8B-2B12-46A5-B0AA-EF4E34E5C29B}.Debug|Any CPU.Build.0 = Debug|Any CPU
		{E7897D8B-2B12-46A5-B0AA-EF4E34E5C29B}.Release|Any CPU.ActiveCfg = Release|Any CPU
		{E7897D8B-2B12-46A5-B0AA-EF4E34E5C29B}.Release|Any CPU.Build.0 = Release|Any CPU
	EndGlobalSection
	GlobalSection(SolutionProperties) = preSolution
		HideSolutionNode = FALSE
	EndGlobalSection
	GlobalSection(ExtensibilityGlobals) = postSolution
		SolutionGuid = {300891B5-E110-4702-A81D-CBE2C967440E}
	EndGlobalSection
EndGlobal
